<?xml version="1.0" encoding="utf-8"?>
<Project ToolsVersion="4.0" xmlns="http://schemas.microsoft.com/developer/msbuild/2003">
  <ItemGroup>
    <Filter Include="Source Files">
      <UniqueIdentifier>{4FC737F1-C7A5-4376-A066-2A32D752A2FF}</UniqueIdentifier>
      <Extensions>cpp;c;cc;cxx;def;odl;idl;hpj;bat;asm;asmx</Extensions>
    </Filter>
    <Filter Include="Header Files">
      <UniqueIdentifier>{93995380-89BD-4b04-88EB-625FBE52EBFB}</UniqueIdentifier>
      <Extensions>h;hh;hpp;hxx;hm;inl;inc;ipp;xsd</Extensions>
    </Filter>
    <Filter Include="Data Files">
      <UniqueIdentifier>{ede26915-c116-4ff6-977a-90e92b51b9ab}</UniqueIdentifier>
    </Filter>
  </ItemGroup>
  <ItemGroup>
    <ClInclude Include="pch.h">
      <Filter>Header Files</Filter>
    </ClInclude>
    <ClInclude Include="factory.h">
      <Filter>Header Files</Filter>
    </ClInclude>
    <ClInclude Include="portable_anymap_file.h">
      <Filter>Header Files</Filter>
    </ClInclude>
    <ClInclude Include="util.h">
      <Filter>Header Files</Filter>
    </ClInclude>
    <ClInclude Include="test_stream.h">
      <Filter>Header Files</Filter>
    </ClInclude>
  </ItemGroup>
  <ItemGroup>
    <ClCompile Include="pch.cpp">
      <Filter>Source Files</Filter>
    </ClCompile>
    <ClCompile Include="jpegls_bitmap_decoder_test.cpp">
      <Filter>Source Files</Filter>
    </ClCompile>
    <ClCompile Include="jpegls_bitmap_frame_decode_test.cpp">
      <Filter>Source Files</Filter>
    </ClCompile>
    <ClCompile Include="jpegls_bitmap_encoder_test.cpp">
      <Filter>Source Files</Filter>
    </ClCompile>
    <ClCompile Include="jpegls_bitmap_frame_encode_test.cpp">
      <Filter>Source Files</Filter>
    </ClCompile>
    <ClCompile Include="dllmain_test.cpp">
      <Filter>Source Files</Filter>
    </ClCompile>
  </ItemGroup>
  <ItemGroup>
    <CopyFileToFolders Include="data-files\tulips-gray-8bit-512-512.jls">
      <Filter>Data Files</Filter>
    </CopyFileToFolders>
    <CopyFileToFolders Include="data-files\test8.ppm">
      <Filter>Data Files</Filter>
    </CopyFileToFolders>
    <CopyFileToFolders Include="data-files\4bit-monochrome.pgm">
      <Filter>Data Files</Filter>
    </CopyFileToFolders>
    <CopyFileToFolders Include="data-files\4bit-monochrome.jls">
      <Filter>Data Files</Filter>
    </CopyFileToFolders>
    <CopyFileToFolders Include="data-files\2bit-parrot-150x200.jls">
      <Filter>Data Files</Filter>
    </CopyFileToFolders>
    <CopyFileToFolders Include="data-files\2bit_4x1.jls">
      <Filter>Data Files</Filter>
    </CopyFileToFolders>
    <CopyFileToFolders Include="data-files\2bit_4x1.pgm">
      <Filter>Data Files</Filter>
    </CopyFileToFolders>
    <CopyFileToFolders Include="data-files\2bit_5x1.jls">
      <Filter>Data Files</Filter>
    </CopyFileToFolders>
    <CopyFileToFolders Include="data-files\2bit_5x1.pgm">
      <Filter>Data Files</Filter>
    </CopyFileToFolders>
    <CopyFileToFolders Include="data-files\2bit_6x1.jls">
      <Filter>Data Files</Filter>
    </CopyFileToFolders>
    <CopyFileToFolders Include="data-files\2bit_6x1.pgm">
      <Filter>Data Files</Filter>
    </CopyFileToFolders>
    <CopyFileToFolders Include="data-files\2bit_7x1.jls">
      <Filter>Data Files</Filter>
    </CopyFileToFolders>
    <CopyFileToFolders Include="data-files\2bit_7x1.pgm">
      <Filter>Data Files</Filter>
    </CopyFileToFolders>
    <CopyFileToFolders Include="data-files\2bit-parrot-150x200.pgm">
      <Filter>Data Files</Filter>
    </CopyFileToFolders>
    <CopyFileToFolders Include="data-files\4bit_4x1.jls">
      <Filter>Data Files</Filter>
    </CopyFileToFolders>
    <CopyFileToFolders Include="data-files\4bit_4x1.pgm">
      <Filter>Data Files</Filter>
    </CopyFileToFolders>
    <CopyFileToFolders Include="data-files\4bit_5x1.jls">
      <Filter>Data Files</Filter>
    </CopyFileToFolders>
    <CopyFileToFolders Include="data-files\4bit_5x1.pgm">
      <Filter>Data Files</Filter>
    </CopyFileToFolders>
    <CopyFileToFolders Include="data-files\8bit_2x2.jls">
      <Filter>Data Files</Filter>
    </CopyFileToFolders>
    <CopyFileToFolders Include="data-files\8bit_2x2.pgm">
      <Filter>Data Files</Filter>
    </CopyFileToFolders>
    <CopyFileToFolders Include="data-files\10bit_3x2.jls">
      <Filter>Data Files</Filter>
    </CopyFileToFolders>
    <CopyFileToFolders Include="data-files\10bit_3x2.pgm">
      <Filter>Data Files</Filter>
    </CopyFileToFolders>
    <CopyFileToFolders Include="data-files\12bit_3x2.jls">
      <Filter>Data Files</Filter>
    </CopyFileToFolders>
    <CopyFileToFolders Include="data-files\12bit_3x2.pgm">
      <Filter>Data Files</Filter>
    </CopyFileToFolders>
    <CopyFileToFolders Include="data-files\16bit_3x2.jls">
      <Filter>Data Files</Filter>
    </CopyFileToFolders>
    <CopyFileToFolders Include="data-files\16bit_3x2.pgm">
      <Filter>Data Files</Filter>
    </CopyFileToFolders>
    <CopyFileToFolders Include="data-files\tulips-gray-8bit-512-512.pgm">
      <Filter>Data Files</Filter>
    </CopyFileToFolders>
    <CopyFileToFolders Include="data-files\8bit_rgb_interleave_line.jls">
      <Filter>Data Files</Filter>
    </CopyFileToFolders>
    <CopyFileToFolders Include="data-files\8bit_rgb_interleave_none.jls">
      <Filter>Data Files</Filter>
    </CopyFileToFolders>
    <CopyFileToFolders Include="data-files\8bit_rgb_interleave_sample.jls">
      <Filter>Data Files</Filter>
    </CopyFileToFolders>
  </ItemGroup>
  <ItemGroup>
    <None Include="packages.config" />
  </ItemGroup>
</Project>