
Microsoft Visual Studio Solution File, Format Version 12.00
# Visual Studio Version 16
VisualStudioVersion = 16.0.30803.129
MinimumVisualStudioVersion = 10.0.40219.1
Project("{930C7802-8A8C-48F9-8165-68863BCCD9DD}") = "setup", "setup.wixproj", "{7755BD56-4032-4BB6-96B4-85329E44616F}"
EndProject
Global
	GlobalSection(SolutionConfigurationPlatforms) = preSolution
		Release|x64 = Release|x64
	EndGlobalSection
	GlobalSection(ProjectConfigurationPlatforms) = postSolution
		{7755BD56-4032-4BB6-96B4-85329E44616F}.Release|x64.ActiveCfg = Release|x64
		{7755BD56-4032-4BB6-96B4-85329E44616F}.Release|x64.Build.0 = Release|x64
	EndGlobalSection
	GlobalSection(SolutionProperties) = preSolution
		HideSolutionNode = FALSE
	EndGlobalSection
	GlobalSection(ExtensibilityGlobals) = postSolution
		SolutionGuid = {DE84243F-F6A9-4524-89DC-053E9C827023}
	EndGlobalSection
EndGlobal
