<?xml version="1.0" encoding="utf-8"?>
<Project ToolsVersion="4.0" xmlns="http://schemas.microsoft.com/developer/msbuild/2003">
  <ItemGroup>
    <Filter Include="Source Files">
      <UniqueIdentifier>{4FC737F1-C7A5-4376-A066-2A32D752A2FF}</UniqueIdentifier>
      <Extensions>cpp;c;cc;cxx;def;odl;idl;hpj;bat;asm;asmx</Extensions>
    </Filter>
    <Filter Include="Header Files">
      <UniqueIdentifier>{93995380-89BD-4b04-88EB-625FBE52EBFB}</UniqueIdentifier>
      <Extensions>h;hh;hpp;hxx;hm;inl;inc;ipp;xsd</Extensions>
    </Filter>
    <Filter Include="Resource Files">
      <UniqueIdentifier>{67DA6AB6-F800-4c08-8B7A-83BB121AAD01}</UniqueIdentifier>
      <Extensions>rc;ico;cur;bmp;dlg;rc2;rct;bin;rgs;gif;jpg;jpeg;jpe;resx;tiff;tif;png;wav;mfcribbon-ms</Extensions>
    </Filter>
  </ItemGroup>
  <ItemGroup>
    <ClInclude Include="version.hpp">
      <Filter>Header Files</Filter>
    </ClInclude>
    <ClInclude Include="macros.hpp">
      <Filter>Header Files</Filter>
    </ClInclude>
  </ItemGroup>
  <ItemGroup>
    <ClCompile Include="dll_main.cpp">
      <Filter>Source Files</Filter>
    </ClCompile>
    <ClCompile Include="jpegls_bitmap_encoder.cpp">
      <Filter>Source Files</Filter>
    </ClCompile>
    <ClCompile Include="jpegls_bitmap_decoder.cpp">
      <Filter>Source Files</Filter>
    </ClCompile>
    <ClCompile Include="jpegls_bitmap_frame_decode.cpp">
      <Filter>Source Files</Filter>
    </ClCompile>
    <ClCompile Include="jpegls_bitmap_frame_encode.cpp">
      <Filter>Source Files</Filter>
    </ClCompile>
    <ClCompile Include="hresults.ixx">
      <Filter>Source Files</Filter>
    </ClCompile>
    <ClCompile Include="class_factory.ixx">
      <Filter>Source Files</Filter>
    </ClCompile>
    <ClCompile Include="guids.ixx">
      <Filter>Source Files</Filter>
    </ClCompile>
    <ClCompile Include="util.ixx">
      <Filter>Source Files</Filter>
    </ClCompile>
    <ClCompile Include="jpegls_bitmap_frame_decode.ixx">
      <Filter>Source Files</Filter>
    </ClCompile>
    <ClCompile Include="jpegls_bitmap_frame_encode.ixx">
      <Filter>Source Files</Filter>
    </ClCompile>
    <ClCompile Include="jpegls_bitmap_encoder.ixx">
      <Filter>Source Files</Filter>
    </ClCompile>
    <ClCompile Include="jpegls_bitmap_decoder.ixx">
      <Filter>Source Files</Filter>
    </ClCompile>
    <ClCompile Include="storage_buffer.ixx">
      <Filter>Source Files</Filter>
    </ClCompile>
    <ClCompile Include="winrt.ixx">
      <Filter>Source Files</Filter>
    </ClCompile>
    <ClCompile Include="..\charls\include\charls\charls.ixx">
      <Filter>Source Files</Filter>
    </ClCompile>
    <ClCompile Include="property_store.cpp">
      <Filter>Source Files</Filter>
    </ClCompile>
    <ClCompile Include="property_store.ixx">
      <Filter>Source Files</Filter>
    </ClCompile>
    <ClCompile Include="property_variant.ixx">
      <Filter>Source Files</Filter>
    </ClCompile>
  </ItemGroup>
  <ItemGroup>
    <None Include="jpegls-wic-codec.def">
      <Filter>Source Files</Filter>
    </None>
    <None Include="cpp.hint" />
    <None Include="packages.config" />
  </ItemGroup>
  <ItemGroup>
    <ResourceCompile Include="jpegls-wic-codec.rc">
      <Filter>Resource Files</Filter>
    </ResourceCompile>
  </ItemGroup>
</Project>